// !$*UTF8*$!
{
	archiveVersion = 1;
	classes = {
	};
	objectVersion = 46;
	objects = {

/* Begin PBXBuildFile section */
		241EB9AD1DACA63E009ADD5C /* WebVC.m in Sources */ = {isa = PBXBuildFile; fileRef = 241EB9AC1DACA63E009ADD5C /* WebVC.m */; };
		244314C61DA9EB2800742E2D /* NewsVC.m in Sources */ = {isa = PBXBuildFile; fileRef = 244314C51DA9EB2800742E2D /* NewsVC.m */; };
		244314C91DA9EB7200742E2D /* VideoVC.m in Sources */ = {isa = PBXBuildFile; fileRef = 244314C81DA9EB7200742E2D /* VideoVC.m */; };
		244314CC1DA9EB8B00742E2D /* MineVC.m in Sources */ = {isa = PBXBuildFile; fileRef = 244314CB1DA9EB8B00742E2D /* MineVC.m */; };
		244314D01DA9F05E00742E2D /* BaseVC.m in Sources */ = {isa = PBXBuildFile; fileRef = 244314CF1DA9F05E00742E2D /* BaseVC.m */; };
		244314D61DAA1EA300742E2D /* NewsModel.m in Sources */ = {isa = PBXBuildFile; fileRef = 244314D51DAA1EA300742E2D /* NewsModel.m */; };
		244314DC1DAA1F8900742E2D /* FirstCell.m in Sources */ = {isa = PBXBuildFile; fileRef = 244314DB1DAA1F8900742E2D /* FirstCell.m */; };
		244314DE1DAA1F9C00742E2D /* FirstCell.xib in Resources */ = {isa = PBXBuildFile; fileRef = 244314DD1DAA1F9C00742E2D /* FirstCell.xib */; };
		2447F9091DA9E2FE0098A784 /* AppDelegate.m in Sources */ = {isa = PBXBuildFile; fileRef = 2447F9061DA9E2FE0098A784 /* AppDelegate.m */; };
		2447F90E1DA9E4C30098A784 /* MainVC.m in Sources */ = {isa = PBXBuildFile; fileRef = 2447F90D1DA9E4C30098A784 /* MainVC.m */; };
		2447F9111DA9E4EE0098A784 /* NavigationVC.m in Sources */ = {isa = PBXBuildFile; fileRef = 2447F9101DA9E4EE0098A784 /* NavigationVC.m */; };
		2447F9131DA9E9FD0098A784 /* News.storyboard in Resources */ = {isa = PBXBuildFile; fileRef = 2447F9121DA9E9FD0098A784 /* News.storyboard */; };
		2447F9151DA9EA410098A784 /* Video.storyboard in Resources */ = {isa = PBXBuildFile; fileRef = 2447F9141DA9EA410098A784 /* Video.storyboard */; };
		2447F9171DA9EA500098A784 /* Mine.storyboard in Resources */ = {isa = PBXBuildFile; fileRef = 2447F9161DA9EA500098A784 /* Mine.storyboard */; };
		2469CD691DA9DBC400F0D2DF /* main.m in Sources */ = {isa = PBXBuildFile; fileRef = 2469CD681DA9DBC400F0D2DF /* main.m */; };
		2469CD741DA9DBC400F0D2DF /* Assets.xcassets in Resources */ = {isa = PBXBuildFile; fileRef = 2469CD731DA9DBC400F0D2DF /* Assets.xcassets */; };
		2469CD771DA9DBC400F0D2DF /* LaunchScreen.storyboard in Resources */ = {isa = PBXBuildFile; fileRef = 2469CD751DA9DBC400F0D2DF /* LaunchScreen.storyboard */; };
		248E2E1E1DAB8FF50075D307 /* NSString+Date.m in Sources */ = {isa = PBXBuildFile; fileRef = 248E2E1D1DAB8FF50075D307 /* NSString+Date.m */; };
		248E2E211DAB941A0075D307 /* NSDate+NSString.m in Sources */ = {isa = PBXBuildFile; fileRef = 248E2E201DAB941A0075D307 /* NSDate+NSString.m */; };
		248E2E271DAB98950075D307 /* HttpRequest.m in Sources */ = {isa = PBXBuildFile; fileRef = 248E2E241DAB98950075D307 /* HttpRequest.m */; };
		248E2E281DAB98950075D307 /* HttpRequestManager.m in Sources */ = {isa = PBXBuildFile; fileRef = 248E2E261DAB98950075D307 /* HttpRequestManager.m */; };
		248E2E2D1DAB993F0075D307 /* placeholder.png in Resources */ = {isa = PBXBuildFile; fileRef = 248E2E2C1DAB993F0075D307 /* placeholder.png */; };
		24F5BE191DAB3CA1006F1BF0 /* newsTitleTag.plist in Resources */ = {isa = PBXBuildFile; fileRef = 24F5BE181DAB3CA1006F1BF0 /* newsTitleTag.plist */; };
		24F5BE1C1DAB3DD8006F1BF0 /* TitleModel.m in Sources */ = {isa = PBXBuildFile; fileRef = 24F5BE1B1DAB3DD8006F1BF0 /* TitleModel.m */; };
		24FB621E1DAA78180064F4C7 /* NewsDetailVC.m in Sources */ = {isa = PBXBuildFile; fileRef = 24FB621D1DAA78180064F4C7 /* NewsDetailVC.m */; };
		24FB62211DAA785C0064F4C7 /* VideoDetailVC.m in Sources */ = {isa = PBXBuildFile; fileRef = 24FB62201DAA785C0064F4C7 /* VideoDetailVC.m */; };
		24FB62241DAA7A500064F4C7 /* TitleView.m in Sources */ = {isa = PBXBuildFile; fileRef = 24FB62231DAA7A500064F4C7 /* TitleView.m */; };
		24FB62271DAA82B10064F4C7 /* UIView+Frame.m in Sources */ = {isa = PBXBuildFile; fileRef = 24FB62261DAA82B10064F4C7 /* UIView+Frame.m */; };
		DA595135E2FD5356BC21E200 /* libPods-Project.a in Frameworks */ = {isa = PBXBuildFile; fileRef = A6CE311B707BCD693C41EA8C /* libPods-Project.a */; };
/* End PBXBuildFile section */

/* Begin PBXFileReference section */
		09C08868059CB34AF1879D88 /* Pods-Project.debug.xcconfig */ = {isa = PBXFileReference; includeInIndex = 1; lastKnownFileType = text.xcconfig; name = "Pods-Project.debug.xcconfig"; path = "Pods/Target Support Files/Pods-Project/Pods-Project.debug.xcconfig"; sourceTree = "<group>"; };
		241EB9AB1DACA63E009ADD5C /* WebVC.h */ = {isa = PBXFileReference; fileEncoding = 4; lastKnownFileType = sourcecode.c.h; path = WebVC.h; sourceTree = "<group>"; };
		241EB9AC1DACA63E009ADD5C /* WebVC.m */ = {isa = PBXFileReference; fileEncoding = 4; lastKnownFileType = sourcecode.c.objc; path = WebVC.m; sourceTree = "<group>"; };
		244314C41DA9EB2800742E2D /* NewsVC.h */ = {isa = PBXFileReference; fileEncoding = 4; lastKnownFileType = sourcecode.c.h; path = NewsVC.h; sourceTree = "<group>"; };
		244314C51DA9EB2800742E2D /* NewsVC.m */ = {isa = PBXFileReference; fileEncoding = 4; lastKnownFileType = sourcecode.c.objc; path = NewsVC.m; sourceTree = "<group>"; };
		244314C71DA9EB7200742E2D /* VideoVC.h */ = {isa = PBXFileReference; fileEncoding = 4; lastKnownFileType = sourcecode.c.h; path = VideoVC.h; sourceTree = "<group>"; };
		244314C81DA9EB7200742E2D /* VideoVC.m */ = {isa = PBXFileReference; fileEncoding = 4; lastKnownFileType = sourcecode.c.objc; path = VideoVC.m; sourceTree = "<group>"; };
		244314CA1DA9EB8B00742E2D /* MineVC.h */ = {isa = PBXFileReference; fileEncoding = 4; lastKnownFileType = sourcecode.c.h; path = MineVC.h; sourceTree = "<group>"; };
		244314CB1DA9EB8B00742E2D /* MineVC.m */ = {isa = PBXFileReference; fileEncoding = 4; lastKnownFileType = sourcecode.c.objc; path = MineVC.m; sourceTree = "<group>"; };
		244314CD1DA9ECE800742E2D /* Common.pch */ = {isa = PBXFileReference; lastKnownFileType = sourcecode.c.h; path = Common.pch; sourceTree = "<group>"; };
		244314CE1DA9F05E00742E2D /* BaseVC.h */ = {isa = PBXFileReference; fileEncoding = 4; lastKnownFileType = sourcecode.c.h; path = BaseVC.h; sourceTree = "<group>"; };
		244314CF1DA9F05E00742E2D /* BaseVC.m */ = {isa = PBXFileReference; fileEncoding = 4; lastKnownFileType = sourcecode.c.objc; path = BaseVC.m; sourceTree = "<group>"; };
		244314D41DAA1EA300742E2D /* NewsModel.h */ = {isa = PBXFileReference; fileEncoding = 4; lastKnownFileType = sourcecode.c.h; path = NewsModel.h; sourceTree = "<group>"; };
		244314D51DAA1EA300742E2D /* NewsModel.m */ = {isa = PBXFileReference; fileEncoding = 4; lastKnownFileType = sourcecode.c.objc; path = NewsModel.m; sourceTree = "<group>"; };
		244314DA1DAA1F8900742E2D /* FirstCell.h */ = {isa = PBXFileReference; fileEncoding = 4; lastKnownFileType = sourcecode.c.h; path = FirstCell.h; sourceTree = "<group>"; };
		244314DB1DAA1F8900742E2D /* FirstCell.m */ = {isa = PBXFileReference; fileEncoding = 4; lastKnownFileType = sourcecode.c.objc; path = FirstCell.m; sourceTree = "<group>"; };
		244314DD1DAA1F9C00742E2D /* FirstCell.xib */ = {isa = PBXFileReference; fileEncoding = 4; lastKnownFileType = file.xib; path = FirstCell.xib; sourceTree = "<group>"; };
		2447F9051DA9E2FE0098A784 /* AppDelegate.h */ = {isa = PBXFileReference; fileEncoding = 4; lastKnownFileType = sourcecode.c.h; path = AppDelegate.h; sourceTree = "<group>"; };
		2447F9061DA9E2FE0098A784 /* AppDelegate.m */ = {isa = PBXFileReference; fileEncoding = 4; lastKnownFileType = sourcecode.c.objc; path = AppDelegate.m; sourceTree = "<group>"; };
		2447F90C1DA9E4C30098A784 /* MainVC.h */ = {isa = PBXFileReference; fileEncoding = 4; lastKnownFileType = sourcecode.c.h; path = MainVC.h; sourceTree = "<group>"; };
		2447F90D1DA9E4C30098A784 /* MainVC.m */ = {isa = PBXFileReference; fileEncoding = 4; lastKnownFileType = sourcecode.c.objc; path = MainVC.m; sourceTree = "<group>"; };
		2447F90F1DA9E4EE0098A784 /* NavigationVC.h */ = {isa = PBXFileReference; fileEncoding = 4; lastKnownFileType = sourcecode.c.h; path = NavigationVC.h; sourceTree = "<group>"; };
		2447F9101DA9E4EE0098A784 /* NavigationVC.m */ = {isa = PBXFileReference; fileEncoding = 4; lastKnownFileType = sourcecode.c.objc; path = NavigationVC.m; sourceTree = "<group>"; };
		2447F9121DA9E9FD0098A784 /* News.storyboard */ = {isa = PBXFileReference; fileEncoding = 4; lastKnownFileType = file.storyboard; path = News.storyboard; sourceTree = "<group>"; };
		2447F9141DA9EA410098A784 /* Video.storyboard */ = {isa = PBXFileReference; fileEncoding = 4; lastKnownFileType = file.storyboard; path = Video.storyboard; sourceTree = "<group>"; };
		2447F9161DA9EA500098A784 /* Mine.storyboard */ = {isa = PBXFileReference; fileEncoding = 4; lastKnownFileType = file.storyboard; path = Mine.storyboard; sourceTree = "<group>"; };
		2469CD641DA9DBC400F0D2DF /* Project.app */ = {isa = PBXFileReference; explicitFileType = wrapper.application; includeInIndex = 0; path = Project.app; sourceTree = BUILT_PRODUCTS_DIR; };
		2469CD681DA9DBC400F0D2DF /* main.m */ = {isa = PBXFileReference; lastKnownFileType = sourcecode.c.objc; path = main.m; sourceTree = "<group>"; };
		2469CD731DA9DBC400F0D2DF /* Assets.xcassets */ = {isa = PBXFileReference; lastKnownFileType = folder.assetcatalog; path = Assets.xcassets; sourceTree = "<group>"; };
		2469CD761DA9DBC400F0D2DF /* Base */ = {isa = PBXFileReference; lastKnownFileType = file.storyboard; name = Base; path = Base.lproj/LaunchScreen.storyboard; sourceTree = "<group>"; };
		2469CD781DA9DBC400F0D2DF /* Info.plist */ = {isa = PBXFileReference; lastKnownFileType = text.plist.xml; path = Info.plist; sourceTree = "<group>"; };
		248E2E1C1DAB8FF50075D307 /* NSString+Date.h */ = {isa = PBXFileReference; fileEncoding = 4; lastKnownFileType = sourcecode.c.h; path = "NSString+Date.h"; sourceTree = "<group>"; };
		248E2E1D1DAB8FF50075D307 /* NSString+Date.m */ = {isa = PBXFileReference; fileEncoding = 4; lastKnownFileType = sourcecode.c.objc; path = "NSString+Date.m"; sourceTree = "<group>"; };
		248E2E1F1DAB941A0075D307 /* NSDate+NSString.h */ = {isa = PBXFileReference; fileEncoding = 4; lastKnownFileType = sourcecode.c.h; path = "NSDate+NSString.h"; sourceTree = "<group>"; };
		248E2E201DAB941A0075D307 /* NSDate+NSString.m */ = {isa = PBXFileReference; fileEncoding = 4; lastKnownFileType = sourcecode.c.objc; path = "NSDate+NSString.m"; sourceTree = "<group>"; };
		248E2E231DAB98950075D307 /* HttpRequest.h */ = {isa = PBXFileReference; fileEncoding = 4; lastKnownFileType = sourcecode.c.h; path = HttpRequest.h; sourceTree = "<group>"; };
		248E2E241DAB98950075D307 /* HttpRequest.m */ = {isa = PBXFileReference; fileEncoding = 4; lastKnownFileType = sourcecode.c.objc; path = HttpRequest.m; sourceTree = "<group>"; };
		248E2E251DAB98950075D307 /* HttpRequestManager.h */ = {isa = PBXFileReference; fileEncoding = 4; lastKnownFileType = sourcecode.c.h; path = HttpRequestManager.h; sourceTree = "<group>"; };
		248E2E261DAB98950075D307 /* HttpRequestManager.m */ = {isa = PBXFileReference; fileEncoding = 4; lastKnownFileType = sourcecode.c.objc; path = HttpRequestManager.m; sourceTree = "<group>"; };
		248E2E2C1DAB993F0075D307 /* placeholder.png */ = {isa = PBXFileReference; lastKnownFileType = image.png; path = placeholder.png; sourceTree = "<group>"; };
		248E2E331DAB9BC30075D307 /* Public.h */ = {isa = PBXFileReference; lastKnownFileType = sourcecode.c.h; path = Public.h; sourceTree = "<group>"; };
		24F5BE181DAB3CA1006F1BF0 /* newsTitleTag.plist */ = {isa = PBXFileReference; fileEncoding = 4; lastKnownFileType = text.plist.xml; name = newsTitleTag.plist; path = ../../Classes/Utility/newsTitleTag.plist; sourceTree = "<group>"; };
		24F5BE1A1DAB3DD8006F1BF0 /* TitleModel.h */ = {isa = PBXFileReference; fileEncoding = 4; lastKnownFileType = sourcecode.c.h; path = TitleModel.h; sourceTree = "<group>"; };
		24F5BE1B1DAB3DD8006F1BF0 /* TitleModel.m */ = {isa = PBXFileReference; fileEncoding = 4; lastKnownFileType = sourcecode.c.objc; path = TitleModel.m; sourceTree = "<group>"; };
		24FB621C1DAA78180064F4C7 /* NewsDetailVC.h */ = {isa = PBXFileReference; fileEncoding = 4; lastKnownFileType = sourcecode.c.h; path = NewsDetailVC.h; sourceTree = "<group>"; };
		24FB621D1DAA78180064F4C7 /* NewsDetailVC.m */ = {isa = PBXFileReference; fileEncoding = 4; lastKnownFileType = sourcecode.c.objc; path = NewsDetailVC.m; sourceTree = "<group>"; };
		24FB621F1DAA785C0064F4C7 /* VideoDetailVC.h */ = {isa = PBXFileReference; fileEncoding = 4; lastKnownFileType = sourcecode.c.h; path = VideoDetailVC.h; sourceTree = "<group>"; };
		24FB62201DAA785C0064F4C7 /* VideoDetailVC.m */ = {isa = PBXFileReference; fileEncoding = 4; lastKnownFileType = sourcecode.c.objc; path = VideoDetailVC.m; sourceTree = "<group>"; };
		24FB62221DAA7A500064F4C7 /* TitleView.h */ = {isa = PBXFileReference; fileEncoding = 4; lastKnownFileType = sourcecode.c.h; path = TitleView.h; sourceTree = "<group>"; };
		24FB62231DAA7A500064F4C7 /* TitleView.m */ = {isa = PBXFileReference; fileEncoding = 4; lastKnownFileType = sourcecode.c.objc; path = TitleView.m; sourceTree = "<group>"; };
		24FB62251DAA82B10064F4C7 /* UIView+Frame.h */ = {isa = PBXFileReference; fileEncoding = 4; lastKnownFileType = sourcecode.c.h; path = "UIView+Frame.h"; sourceTree = "<group>"; };
		24FB62261DAA82B10064F4C7 /* UIView+Frame.m */ = {isa = PBXFileReference; fileEncoding = 4; lastKnownFileType = sourcecode.c.objc; path = "UIView+Frame.m"; sourceTree = "<group>"; };
		9D95353758FED62FE54A181A /* Pods-Project.release.xcconfig */ = {isa = PBXFileReference; includeInIndex = 1; lastKnownFileType = text.xcconfig; name = "Pods-Project.release.xcconfig"; path = "Pods/Target Support Files/Pods-Project/Pods-Project.release.xcconfig"; sourceTree = "<group>"; };
		A6CE311B707BCD693C41EA8C /* libPods-Project.a */ = {isa = PBXFileReference; explicitFileType = archive.ar; includeInIndex = 0; path = "libPods-Project.a"; sourceTree = BUILT_PRODUCTS_DIR; };
/* End PBXFileReference section */

/* Begin PBXFrameworksBuildPhase section */
		2469CD611DA9DBC400F0D2DF /* Frameworks */ = {
			isa = PBXFrameworksBuildPhase;
			buildActionMask = 2147483647;
			files = (
				DA595135E2FD5356BC21E200 /* libPods-Project.a in Frameworks */,
			);
			runOnlyForDeploymentPostprocessing = 0;
		};
/* End PBXFrameworksBuildPhase section */

/* Begin PBXGroup section */
		1393FCDC76D461F6F60BE72A /* Pods */ = {
			isa = PBXGroup;
			children = (
				09C08868059CB34AF1879D88 /* Pods-Project.debug.xcconfig */,
				9D95353758FED62FE54A181A /* Pods-Project.release.xcconfig */,
			);
			name = Pods;
			sourceTree = "<group>";
		};
		244314D71DAA1F3B00742E2D /* Cell */ = {
			isa = PBXGroup;
			children = (
				244314DA1DAA1F8900742E2D /* FirstCell.h */,
				244314DB1DAA1F8900742E2D /* FirstCell.m */,
				244314DD1DAA1F9C00742E2D /* FirstCell.xib */,
			);
			path = Cell;
			sourceTree = "<group>";
		};
		244314D81DAA1F4600742E2D /* Cell */ = {
			isa = PBXGroup;
			children = (
			);
			path = Cell;
			sourceTree = "<group>";
		};
		244314D91DAA1F5000742E2D /* Cell */ = {
			isa = PBXGroup;
			children = (
			);
			path = Cell;
			sourceTree = "<group>";
		};
		2447F8EF1DA9E2800098A784 /* Classes */ = {
			isa = PBXGroup;
			children = (
				2447F9041DA9E2FE0098A784 /* APP */,
				2447F90B1DA9E45D0098A784 /* Main */,
				2447F8F91DA9E2800098A784 /* 新闻 */,
				2447F8FD1DA9E2800098A784 /* 视频 */,
				2447F8F51DA9E2800098A784 /* 我的 */,
				2447F8F21DA9E2800098A784 /* Utility */,
				248E2E221DAB98950075D307 /* Request */,
			);
			path = Classes;
			sourceTree = "<group>";
		};
		2447F8F21DA9E2800098A784 /* Utility */ = {
			isa = PBXGroup;
			children = (
				248E2E331DAB9BC30075D307 /* Public.h */,
				244314CD1DA9ECE800742E2D /* Common.pch */,
				248E2E1C1DAB8FF50075D307 /* NSString+Date.h */,
				248E2E1D1DAB8FF50075D307 /* NSString+Date.m */,
				248E2E1F1DAB941A0075D307 /* NSDate+NSString.h */,
				248E2E201DAB941A0075D307 /* NSDate+NSString.m */,
				24FB62251DAA82B10064F4C7 /* UIView+Frame.h */,
				24FB62261DAA82B10064F4C7 /* UIView+Frame.m */,
			);
			path = Utility;
			sourceTree = "<group>";
		};
		2447F8F51DA9E2800098A784 /* 我的 */ = {
			isa = PBXGroup;
			children = (
				244314D91DAA1F5000742E2D /* Cell */,
				2447F8F61DA9E2800098A784 /* Controller */,
				2447F8F71DA9E2800098A784 /* Model */,
				2447F8F81DA9E2800098A784 /* View */,
			);
			path = "我的";
			sourceTree = "<group>";
		};
		2447F8F61DA9E2800098A784 /* Controller */ = {
			isa = PBXGroup;
			children = (
				244314CA1DA9EB8B00742E2D /* MineVC.h */,
				244314CB1DA9EB8B00742E2D /* MineVC.m */,
				2447F9161DA9EA500098A784 /* Mine.storyboard */,
			);
			path = Controller;
			sourceTree = "<group>";
		};
		2447F8F71DA9E2800098A784 /* Model */ = {
			isa = PBXGroup;
			children = (
			);
			path = Model;
			sourceTree = "<group>";
		};
		2447F8F81DA9E2800098A784 /* View */ = {
			isa = PBXGroup;
			children = (
			);
			path = View;
			sourceTree = "<group>";
		};
		2447F8F91DA9E2800098A784 /* 新闻 */ = {
			isa = PBXGroup;
			children = (
				2447F8FA1DA9E2800098A784 /* Controller */,
				2447F8FB1DA9E2800098A784 /* Model */,
				2447F8FC1DA9E2800098A784 /* View */,
				244314D71DAA1F3B00742E2D /* Cell */,
			);
			path = "新闻";
			sourceTree = "<group>";
		};
		2447F8FA1DA9E2800098A784 /* Controller */ = {
			isa = PBXGroup;
			children = (
				241EB9AB1DACA63E009ADD5C /* WebVC.h */,
				241EB9AC1DACA63E009ADD5C /* WebVC.m */,
				244314C41DA9EB2800742E2D /* NewsVC.h */,
				244314C51DA9EB2800742E2D /* NewsVC.m */,
				24FB621C1DAA78180064F4C7 /* NewsDetailVC.h */,
				24FB621D1DAA78180064F4C7 /* NewsDetailVC.m */,
				2447F9121DA9E9FD0098A784 /* News.storyboard */,
			);
			path = Controller;
			sourceTree = "<group>";
		};
		2447F8FB1DA9E2800098A784 /* Model */ = {
			isa = PBXGroup;
			children = (
				24F5BE1A1DAB3DD8006F1BF0 /* TitleModel.h */,
				24F5BE1B1DAB3DD8006F1BF0 /* TitleModel.m */,
				244314D41DAA1EA300742E2D /* NewsModel.h */,
				244314D51DAA1EA300742E2D /* NewsModel.m */,
			);
			path = Model;
			sourceTree = "<group>";
		};
		2447F8FC1DA9E2800098A784 /* View */ = {
			isa = PBXGroup;
			children = (
				24FB62221DAA7A500064F4C7 /* TitleView.h */,
				24FB62231DAA7A500064F4C7 /* TitleView.m */,
			);
			path = View;
			sourceTree = "<group>";
		};
		2447F8FD1DA9E2800098A784 /* 视频 */ = {
			isa = PBXGroup;
			children = (
				244314D81DAA1F4600742E2D /* Cell */,
				2447F8FE1DA9E2800098A784 /* Controller */,
				2447F8FF1DA9E2800098A784 /* Model */,
				2447F9001DA9E2800098A784 /* View */,
			);
			path = "视频";
			sourceTree = "<group>";
		};
		2447F8FE1DA9E2800098A784 /* Controller */ = {
			isa = PBXGroup;
			children = (
				244314C71DA9EB7200742E2D /* VideoVC.h */,
				244314C81DA9EB7200742E2D /* VideoVC.m */,
				24FB621F1DAA785C0064F4C7 /* VideoDetailVC.h */,
				24FB62201DAA785C0064F4C7 /* VideoDetailVC.m */,
				2447F9141DA9EA410098A784 /* Video.storyboard */,
			);
			path = Controller;
			sourceTree = "<group>";
		};
		2447F8FF1DA9E2800098A784 /* Model */ = {
			isa = PBXGroup;
			children = (
			);
			path = Model;
			sourceTree = "<group>";
		};
		2447F9001DA9E2800098A784 /* View */ = {
			isa = PBXGroup;
			children = (
			);
			path = View;
			sourceTree = "<group>";
		};
		2447F9041DA9E2FE0098A784 /* APP */ = {
			isa = PBXGroup;
			children = (
				2447F9051DA9E2FE0098A784 /* AppDelegate.h */,
				2447F9061DA9E2FE0098A784 /* AppDelegate.m */,
			);
			path = APP;
			sourceTree = "<group>";
		};
		2447F90B1DA9E45D0098A784 /* Main */ = {
			isa = PBXGroup;
			children = (
				2447F90C1DA9E4C30098A784 /* MainVC.h */,
				2447F90D1DA9E4C30098A784 /* MainVC.m */,
				244314CE1DA9F05E00742E2D /* BaseVC.h */,
				244314CF1DA9F05E00742E2D /* BaseVC.m */,
				2447F90F1DA9E4EE0098A784 /* NavigationVC.h */,
				2447F9101DA9E4EE0098A784 /* NavigationVC.m */,
			);
			path = Main;
			sourceTree = "<group>";
		};
		2469CD5B1DA9DBC400F0D2DF = {
			isa = PBXGroup;
			children = (
				2469CD661DA9DBC400F0D2DF /* Project */,
				2469CD651DA9DBC400F0D2DF /* Products */,
				1393FCDC76D461F6F60BE72A /* Pods */,
				E0F7EBD1C8DEA493A6D002AF /* Frameworks */,
			);
			sourceTree = "<group>";
		};
		2469CD651DA9DBC400F0D2DF /* Products */ = {
			isa = PBXGroup;
			children = (
				2469CD641DA9DBC400F0D2DF /* Project.app */,
			);
			name = Products;
			sourceTree = "<group>";
		};
		2469CD661DA9DBC400F0D2DF /* Project */ = {
			isa = PBXGroup;
			children = (
				2447F8EF1DA9E2800098A784 /* Classes */,
				248E2E291DAB98B20075D307 /* Resources */,
				2469CD671DA9DBC400F0D2DF /* Supporting Files */,
			);
			path = Project;
			sourceTree = "<group>";
		};
		2469CD671DA9DBC400F0D2DF /* Supporting Files */ = {
			isa = PBXGroup;
			children = (
				2469CD681DA9DBC400F0D2DF /* main.m */,
				2469CD781DA9DBC400F0D2DF /* Info.plist */,
				2469CD731DA9DBC400F0D2DF /* Assets.xcassets */,
				2469CD751DA9DBC400F0D2DF /* LaunchScreen.storyboard */,
			);
			name = "Supporting Files";
			sourceTree = "<group>";
		};
		248E2E221DAB98950075D307 /* Request */ = {
			isa = PBXGroup;
			children = (
				248E2E231DAB98950075D307 /* HttpRequest.h */,
				248E2E241DAB98950075D307 /* HttpRequest.m */,
				248E2E251DAB98950075D307 /* HttpRequestManager.h */,
				248E2E261DAB98950075D307 /* HttpRequestManager.m */,
			);
			path = Request;
			sourceTree = "<group>";
		};
		248E2E291DAB98B20075D307 /* Resources */ = {
			isa = PBXGroup;
			children = (
				248E2E2A1DAB98D90075D307 /* images */,
				248E2E2B1DAB98D90075D307 /* plist */,
			);
			path = Resources;
			sourceTree = "<group>";
		};
		248E2E2A1DAB98D90075D307 /* images */ = {
			isa = PBXGroup;
			children = (
				248E2E2C1DAB993F0075D307 /* placeholder.png */,
			);
			path = images;
			sourceTree = "<group>";
		};
		248E2E2B1DAB98D90075D307 /* plist */ = {
			isa = PBXGroup;
			children = (
				24F5BE181DAB3CA1006F1BF0 /* newsTitleTag.plist */,
			);
			path = plist;
			sourceTree = "<group>";
		};
		E0F7EBD1C8DEA493A6D002AF /* Frameworks */ = {
			isa = PBXGroup;
			children = (
				A6CE311B707BCD693C41EA8C /* libPods-Project.a */,
			);
			name = Frameworks;
			sourceTree = "<group>";
		};
/* End PBXGroup section */

/* Begin PBXNativeTarget section */
		2469CD631DA9DBC400F0D2DF /* Project */ = {
			isa = PBXNativeTarget;
			buildConfigurationList = 2469CD7B1DA9DBC400F0D2DF /* Build configuration list for PBXNativeTarget "Project" */;
			buildPhases = (
				6A4E6677080D03609180F1B1 /* [CP] Check Pods Manifest.lock */,
				2469CD601DA9DBC400F0D2DF /* Sources */,
				2469CD611DA9DBC400F0D2DF /* Frameworks */,
				2469CD621DA9DBC400F0D2DF /* Resources */,
				ED193565BA459DF0C5233713 /* [CP] Embed Pods Frameworks */,
				5A0DBA12D3B88F734625D285 /* [CP] Copy Pods Resources */,
			);
			buildRules = (
			);
			dependencies = (
			);
			name = Project;
			productName = Project;
			productReference = 2469CD641DA9DBC400F0D2DF /* Project.app */;
			productType = "com.apple.product-type.application";
		};
/* End PBXNativeTarget section */

/* Begin PBXProject section */
		2469CD5C1DA9DBC400F0D2DF /* Project object */ = {
			isa = PBXProject;
			attributes = {
				LastUpgradeCheck = 0730;
				ORGANIZATIONNAME = liuhuan;
				TargetAttributes = {
					2469CD631DA9DBC400F0D2DF = {
						CreatedOnToolsVersion = 7.3;
						DevelopmentTeam = 73W72LVS68;
					};
				};
			};
			buildConfigurationList = 2469CD5F1DA9DBC400F0D2DF /* Build configuration list for PBXProject "Project" */;
			compatibilityVersion = "Xcode 3.2";
			developmentRegion = English;
			hasScannedForEncodings = 0;
			knownRegions = (
				en,
				Base,
			);
			mainGroup = 2469CD5B1DA9DBC400F0D2DF;
			productRefGroup = 2469CD651DA9DBC400F0D2DF /* Products */;
			projectDirPath = "";
			projectRoot = "";
			targets = (
				2469CD631DA9DBC400F0D2DF /* Project */,
			);
		};
/* End PBXProject section */

/* Begin PBXResourcesBuildPhase section */
		2469CD621DA9DBC400F0D2DF /* Resources */ = {
			isa = PBXResourcesBuildPhase;
			buildActionMask = 2147483647;
			files = (
				2469CD771DA9DBC400F0D2DF /* LaunchScreen.storyboard in Resources */,
				2447F9151DA9EA410098A784 /* Video.storyboard in Resources */,
				2469CD741DA9DBC400F0D2DF /* Assets.xcassets in Resources */,
				24F5BE191DAB3CA1006F1BF0 /* newsTitleTag.plist in Resources */,
				2447F9171DA9EA500098A784 /* Mine.storyboard in Resources */,
				248E2E2D1DAB993F0075D307 /* placeholder.png in Resources */,
				244314DE1DAA1F9C00742E2D /* FirstCell.xib in Resources */,
				2447F9131DA9E9FD0098A784 /* News.storyboard in Resources */,
			);
			runOnlyForDeploymentPostprocessing = 0;
		};
/* End PBXResourcesBuildPhase section */

/* Begin PBXShellScriptBuildPhase section */
		5A0DBA12D3B88F734625D285 /* [CP] Copy Pods Resources */ = {
			isa = PBXShellScriptBuildPhase;
			buildActionMask = 2147483647;
			files = (
			);
			inputPaths = (
			);
			name = "[CP] Copy Pods Resources";
			outputPaths = (
			);
			runOnlyForDeploymentPostprocessing = 0;
			shellPath = /bin/sh;
			shellScript = "\"${SRCROOT}/Pods/Target Support Files/Pods-Project/Pods-Project-resources.sh\"\n";
			showEnvVarsInLog = 0;
		};
		6A4E6677080D03609180F1B1 /* [CP] Check Pods Manifest.lock */ = {
			isa = PBXShellScriptBuildPhase;
			buildActionMask = 2147483647;
			files = (
			);
			inputPaths = (
			);
			name = "[CP] Check Pods Manifest.lock";
			outputPaths = (
			);
			runOnlyForDeploymentPostprocessing = 0;
			shellPath = /bin/sh;
			shellScript = "diff \"${PODS_ROOT}/../Podfile.lock\" \"${PODS_ROOT}/Manifest.lock\" > /dev/null\nif [[ $? != 0 ]] ; then\n    cat << EOM\nerror: The sandbox is not in sync with the Podfile.lock. Run 'pod install' or update your CocoaPods installation.\nEOM\n    exit 1\nfi\n";
			showEnvVarsInLog = 0;
		};
		ED193565BA459DF0C5233713 /* [CP] Embed Pods Frameworks */ = {
			isa = PBXShellScriptBuildPhase;
			buildActionMask = 2147483647;
			files = (
			);
			inputPaths = (
			);
			name = "[CP] Embed Pods Frameworks";
			outputPaths = (
			);
			runOnlyForDeploymentPostprocessing = 0;
			shellPath = /bin/sh;
			shellScript = "\"${SRCROOT}/Pods/Target Support Files/Pods-Project/Pods-Project-frameworks.sh\"\n";
			showEnvVarsInLog = 0;
		};
/* End PBXShellScriptBuildPhase section */

/* Begin PBXSourcesBuildPhase section */
		2469CD601DA9DBC400F0D2DF /* Sources */ = {
			isa = PBXSourcesBuildPhase;
			buildActionMask = 2147483647;
			files = (
				244314D61DAA1EA300742E2D /* NewsModel.m in Sources */,
				248E2E271DAB98950075D307 /* HttpRequest.m in Sources */,
				24FB62211DAA785C0064F4C7 /* VideoDetailVC.m in Sources */,
				2447F90E1DA9E4C30098A784 /* MainVC.m in Sources */,
				244314DC1DAA1F8900742E2D /* FirstCell.m in Sources */,
				241EB9AD1DACA63E009ADD5C /* WebVC.m in Sources */,
				2447F9091DA9E2FE0098A784 /* AppDelegate.m in Sources */,
				244314D01DA9F05E00742E2D /* BaseVC.m in Sources */,
				244314C61DA9EB2800742E2D /* NewsVC.m in Sources */,
				244314C91DA9EB7200742E2D /* VideoVC.m in Sources */,
				24FB62241DAA7A500064F4C7 /* TitleView.m in Sources */,
				24F5BE1C1DAB3DD8006F1BF0 /* TitleModel.m in Sources */,
				24FB621E1DAA78180064F4C7 /* NewsDetailVC.m in Sources */,
				24FB62271DAA82B10064F4C7 /* UIView+Frame.m in Sources */,
				248E2E1E1DAB8FF50075D307 /* NSString+Date.m in Sources */,
				244314CC1DA9EB8B00742E2D /* MineVC.m in Sources */,
				248E2E211DAB941A0075D307 /* NSDate+NSString.m in Sources */,
				2447F9111DA9E4EE0098A784 /* NavigationVC.m in Sources */,
				248E2E281DAB98950075D307 /* HttpRequestManager.m in Sources */,
				2469CD691DA9DBC400F0D2DF /* main.m in Sources */,
			);
			runOnlyForDeploymentPostprocessing = 0;
		};
/* End PBXSourcesBuildPhase section */

/* Begin PBXVariantGroup section */
		2469CD751DA9DBC400F0D2DF /* LaunchScreen.storyboard */ = {
			isa = PBXVariantGroup;
			children = (
				2469CD761DA9DBC400F0D2DF /* Base */,
			);
			name = LaunchScreen.storyboard;
			sourceTree = "<group>";
		};
/* End PBXVariantGroup section */

/* Begin XCBuildConfiguration section */
		2469CD791DA9DBC400F0D2DF /* Debug */ = {
			isa = XCBuildConfiguration;
			buildSettings = {
				ALWAYS_SEARCH_USER_PATHS = NO;
				CLANG_ANALYZER_NONNULL = YES;
				CLANG_CXX_LANGUAGE_STANDARD = "gnu++0x";
				CLANG_CXX_LIBRARY = "libc++";
				CLANG_ENABLE_MODULES = YES;
				CLANG_ENABLE_OBJC_ARC = YES;
				CLANG_WARN_BOOL_CONVERSION = YES;
				CLANG_WARN_CONSTANT_CONVERSION = YES;
				CLANG_WARN_DIRECT_OBJC_ISA_USAGE = YES_ERROR;
				CLANG_WARN_EMPTY_BODY = YES;
				CLANG_WARN_ENUM_CONVERSION = YES;
				CLANG_WARN_INT_CONVERSION = YES;
				CLANG_WARN_OBJC_ROOT_CLASS = YES_ERROR;
				CLANG_WARN_UNREACHABLE_CODE = YES;
				CLANG_WARN__DUPLICATE_METHOD_MATCH = YES;
				"CODE_SIGN_IDENTITY[sdk=iphoneos*]" = "iPhone Developer";
				COPY_PHASE_STRIP = NO;
				DEBUG_INFORMATION_FORMAT = dwarf;
				ENABLE_STRICT_OBJC_MSGSEND = YES;
				ENABLE_TESTABILITY = YES;
				GCC_C_LANGUAGE_STANDARD = gnu99;
				GCC_DYNAMIC_NO_PIC = NO;
				GCC_NO_COMMON_BLOCKS = YES;
				GCC_OPTIMIZATION_LEVEL = 0;
				GCC_PREFIX_HEADER = Project/Classes/Utility/Common.pch;
				GCC_PREPROCESSOR_DEFINITIONS = (
					"DEBUG=1",
					"$(inherited)",
				);
				GCC_WARN_64_TO_32_BIT_CONVERSION = YES;
				GCC_WARN_ABOUT_RETURN_TYPE = YES_ERROR;
				GCC_WARN_UNDECLARED_SELECTOR = YES;
				GCC_WARN_UNINITIALIZED_AUTOS = YES_AGGRESSIVE;
				GCC_WARN_UNUSED_FUNCTION = YES;
				GCC_WARN_UNUSED_VARIABLE = YES;
				IPHONEOS_DEPLOYMENT_TARGET = 9.3;
				MTL_ENABLE_DEBUG_INFO = YES;
				ONLY_ACTIVE_ARCH = YES;
				SDKROOT = iphoneos;
				TARGETED_DEVICE_FAMILY = "1,2";
			};
			name = Debug;
		};
		2469CD7A1DA9DBC400F0D2DF /* Release */ = {
			isa = XCBuildConfiguration;
			buildSettings = {
				ALWAYS_SEARCH_USER_PATHS = NO;
				CLANG_ANALYZER_NONNULL = YES;
				CLANG_CXX_LANGUAGE_STANDARD = "gnu++0x";
				CLANG_CXX_LIBRARY = "libc++";
				CLANG_ENABLE_MODULES = YES;
				CLANG_ENABLE_OBJC_ARC = YES;
				CLANG_WARN_BOOL_CONVERSION = YES;
				CLANG_WARN_CONSTANT_CONVERSION = YES;
				CLANG_WARN_DIRECT_OBJC_ISA_USAGE = YES_ERROR;
				CLANG_WARN_EMPTY_BODY = YES;
				CLANG_WARN_ENUM_CONVERSION = YES;
				CLANG_WARN_INT_CONVERSION = YES;
				CLANG_WARN_OBJC_ROOT_CLASS = YES_ERROR;
				CLANG_WARN_UNREACHABLE_CODE = YES;
				CLANG_WARN__DUPLICATE_METHOD_MATCH = YES;
				"CODE_SIGN_IDENTITY[sdk=iphoneos*]" = "iPhone Developer";
				COPY_PHASE_STRIP = NO;
				DEBUG_INFORMATION_FORMAT = "dwarf-with-dsym";
				ENABLE_NS_ASSERTIONS = NO;
				ENABLE_STRICT_OBJC_MSGSEND = YES;
				GCC_C_LANGUAGE_STANDARD = gnu99;
				GCC_NO_COMMON_BLOCKS = YES;
				GCC_PREFIX_HEADER = Project/Classes/Utility/Common.pch;
				GCC_WARN_64_TO_32_BIT_CONVERSION = YES;
				GCC_WARN_ABOUT_RETURN_TYPE = YES_ERROR;
				GCC_WARN_UNDECLARED_SELECTOR = YES;
				GCC_WARN_UNINITIALIZED_AUTOS = YES_AGGRESSIVE;
				GCC_WARN_UNUSED_FUNCTION = YES;
				GCC_WARN_UNUSED_VARIABLE = YES;
				IPHONEOS_DEPLOYMENT_TARGET = 9.3;
				MTL_ENABLE_DEBUG_INFO = NO;
				SDKROOT = iphoneos;
				TARGETED_DEVICE_FAMILY = "1,2";
				VALIDATE_PRODUCT = YES;
			};
			name = Release;
		};
		2469CD7C1DA9DBC400F0D2DF /* Debug */ = {
			isa = XCBuildConfiguration;
			baseConfigurationReference = 09C08868059CB34AF1879D88 /* Pods-Project.debug.xcconfig */;
			buildSettings = {
				ASSETCATALOG_COMPILER_APPICON_NAME = AppIcon;
				CODE_SIGN_IDENTITY = "iPhone Developer";
				GCC_PREFIX_HEADER = Project/Classes/Utility/Common.pch;
				INFOPLIST_FILE = Project/Info.plist;
				LD_RUNPATH_SEARCH_PATHS = "$(inherited) @executable_path/Frameworks";
				PRODUCT_BUNDLE_IDENTIFIER = com.liuhuan.Project;
				PRODUCT_NAME = "$(TARGET_NAME)";
			};
			name = Debug;
		};
		2469CD7D1DA9DBC400F0D2DF /* Release */ = {
			isa = XCBuildConfiguration;
			baseConfigurationReference = 9D95353758FED62FE54A181A /* Pods-Project.release.xcconfig */;
			buildSettings = {
				ASSETCATALOG_COMPILER_APPICON_NAME = AppIcon;
				CODE_SIGN_IDENTITY = "iPhone Developer";
				GCC_PREFIX_HEADER = Project/Classes/Utility/Common.pch;
				INFOPLIST_FILE = Project/Info.plist;
				LD_RUNPATH_SEARCH_PATHS = "$(inherited) @executable_path/Frameworks";
				PRODUCT_BUNDLE_IDENTIFIER = com.liuhuan.Project;
				PRODUCT_NAME = "$(TARGET_NAME)";
			};
			name = Release;
		};
/* End XCBuildConfiguration section */

/* Begin XCConfigurationList section */
		2469CD5F1DA9DBC400F0D2DF /* Build configuration list for PBXProject "Project" */ = {
			isa = XCConfigurationList;
			buildConfigurations = (
				2469CD791DA9DBC400F0D2DF /* Debug */,
				2469CD7A1DA9DBC400F0D2DF /* Release */,
			);
			defaultConfigurationIsVisible = 0;
			defaultConfigurationName = Release;
		};
		2469CD7B1DA9DBC400F0D2DF /* Build configuration list for PBXNativeTarget "Project" */ = {
			isa = XCConfigurationList;
			buildConfigurations = (
				2469CD7C1DA9DBC400F0D2DF /* Debug */,
				2469CD7D1DA9DBC400F0D2DF /* Release */,
			);
			defaultConfigurationIsVisible = 0;
			defaultConfigurationName = Release;
		};
/* End XCConfigurationList section */
	};
	rootObject = 2469CD5C1DA9DBC400F0D2DF /* Project object */;
}
